// !$*UTF8*$!
{
	archiveVersion = 1;
	classes = {
	};
	objectVersion = 50;
	objects = {

/* Begin PBXBuildFile section */
		66C6F6BF230061EA005BCCD7 /* AppDelegate.swift in Sources */ = {isa = PBXBuildFile; fileRef = 66C6F6BE230061EA005BCCD7 /* AppDelegate.swift */; };
		66C6F6C1230061EA005BCCD7 /* ViewController.swift in Sources */ = {isa = PBXBuildFile; fileRef = 66C6F6C0230061EA005BCCD7 /* ViewController.swift */; };
		66C6F6C4230061EA005BCCD7 /* Main.storyboard in Resources */ = {isa = PBXBuildFile; fileRef = 66C6F6C2230061EA005BCCD7 /* Main.storyboard */; };
		66C6F6C6230061EB005BCCD7 /* Assets.xcassets in Resources */ = {isa = PBXBuildFile; fileRef = 66C6F6C5230061EB005BCCD7 /* Assets.xcassets */; };
		66C6F6C9230061EB005BCCD7 /* LaunchScreen.storyboard in Resources */ = {isa = PBXBuildFile; fileRef = 66C6F6C7230061EB005BCCD7 /* LaunchScreen.storyboard */; };
		66C6F6D4230061EB005BCCD7 /* SnapshotExampleTests.swift in Sources */ = {isa = PBXBuildFile; fileRef = 66C6F6D3230061EB005BCCD7 /* SnapshotExampleTests.swift */; };
/* End PBXBuildFile section */

/* Begin PBXContainerItemProxy section */
		66C6F6D0230061EB005BCCD7 /* PBXContainerItemProxy */ = {
			isa = PBXContainerItemProxy;
			containerPortal = 66C6F6B3230061EA005BCCD7 /* Project object */;
			proxyType = 1;
			remoteGlobalIDString = 66C6F6BA230061EA005BCCD7;
			remoteInfo = SnapshotExample;
		};
/* End PBXContainerItemProxy section */

/* Begin PBXFileReference section */
		66C6F6BB230061EA005BCCD7 /* SnapshotExample.app */ = {isa = PBXFileReference; explicitFileType = wrapper.application; includeInIndex = 0; path = SnapshotExample.app; sourceTree = BUILT_PRODUCTS_DIR; };
		66C6F6BE230061EA005BCCD7 /* AppDelegate.swift */ = {isa = PBXFileReference; lastKnownFileType = sourcecode.swift; path = AppDelegate.swift; sourceTree = "<group>"; };
		66C6F6C0230061EA005BCCD7 /* ViewController.swift */ = {isa = PBXFileReference; lastKnownFileType = sourcecode.swift; path = ViewController.swift; sourceTree = "<group>"; };
		66C6F6C3230061EA005BCCD7 /* Base */ = {isa = PBXFileReference; lastKnownFileType = file.storyboard; name = Base; path = Base.lproj/Main.storyboard; sourceTree = "<group>"; };
		66C6F6C5230061EB005BCCD7 /* Assets.xcassets */ = {isa = PBXFileReference; lastKnownFileType = folder.assetcatalog; path = Assets.xcassets; sourceTree = "<group>"; };
		66C6F6C8230061EB005BCCD7 /* Base */ = {isa = PBXFileReference; lastKnownFileType = file.storyboard; name = Base; path = Base.lproj/LaunchScreen.storyboard; sourceTree = "<group>"; };
		66C6F6CA230061EB005BCCD7 /* Info.plist */ = {isa = PBXFileReference; lastKnownFileType = text.plist.xml; path = Info.plist; sourceTree = "<group>"; };
		66C6F6CF230061EB005BCCD7 /* SnapshotExampleTests.xctest */ = {isa = PBXFileReference; explicitFileType = wrapper.cfbundle; includeInIndex = 0; path = SnapshotExampleTests.xctest; sourceTree = BUILT_PRODUCTS_DIR; };
		66C6F6D3230061EB005BCCD7 /* SnapshotExampleTests.swift */ = {isa = PBXFileReference; lastKnownFileType = sourcecode.swift; path = SnapshotExampleTests.swift; sourceTree = "<group>"; };
		66C6F6D5230061EB005BCCD7 /* Info.plist */ = {isa = PBXFileReference; lastKnownFileType = text.plist.xml; path = Info.plist; sourceTree = "<group>"; };
/* End PBXFileReference section */

/* Begin PBXFrameworksBuildPhase section */
		66C6F6B8230061EA005BCCD7 /* Frameworks */ = {
			isa = PBXFrameworksBuildPhase;
			buildActionMask = 2147483647;
			files = (
			);
			runOnlyForDeploymentPostprocessing = 0;
		};
		66C6F6CC230061EB005BCCD7 /* Frameworks */ = {
			isa = PBXFrameworksBuildPhase;
			buildActionMask = 2147483647;
			files = (
			);
			runOnlyForDeploymentPostprocessing = 0;
		};
/* End PBXFrameworksBuildPhase section */

/* Begin PBXGroup section */
		66C6F6B2230061EA005BCCD7 = {
			isa = PBXGroup;
			children = (
				66C6F6BD230061EA005BCCD7 /* SnapshotExample */,
				66C6F6D2230061EB005BCCD7 /* SnapshotExampleTests */,
				66C6F6BC230061EA005BCCD7 /* Products */,
			);
			sourceTree = "<group>";
		};
		66C6F6BC230061EA005BCCD7 /* Products */ = {
			isa = PBXGroup;
			children = (
				66C6F6BB230061EA005BCCD7 /* SnapshotExample.app */,
				66C6F6CF230061EB005BCCD7 /* SnapshotExampleTests.xctest */,
			);
			name = Products;
			sourceTree = "<group>";
		};
		66C6F6BD230061EA005BCCD7 /* SnapshotExample */ = {
			isa = PBXGroup;
			children = (
				66C6F6BE230061EA005BCCD7 /* AppDelegate.swift */,
				66C6F6C0230061EA005BCCD7 /* ViewController.swift */,
				66C6F6C2230061EA005BCCD7 /* Main.storyboard */,
				66C6F6C5230061EB005BCCD7 /* Assets.xcassets */,
				66C6F6C7230061EB005BCCD7 /* LaunchScreen.storyboard */,
				66C6F6CA230061EB005BCCD7 /* Info.plist */,
			);
			path = SnapshotExample;
			sourceTree = "<group>";
		};
		66C6F6D2230061EB005BCCD7 /* SnapshotExampleTests */ = {
			isa = PBXGroup;
			children = (
				66C6F6D3230061EB005BCCD7 /* SnapshotExampleTests.swift */,
				66C6F6D5230061EB005BCCD7 /* Info.plist */,
			);
			path = SnapshotExampleTests;
			sourceTree = "<group>";
		};
/* End PBXGroup section */

/* Begin PBXNativeTarget section */
		66C6F6BA230061EA005BCCD7 /* SnapshotExample */ = {
			isa = PBXNativeTarget;
			buildConfigurationList = 66C6F6D8230061EB005BCCD7 /* Build configuration list for PBXNativeTarget "SnapshotExample" */;
			buildPhases = (
				66C6F6B7230061EA005BCCD7 /* Sources */,
				66C6F6B8230061EA005BCCD7 /* Frameworks */,
				66C6F6B9230061EA005BCCD7 /* Resources */,
			);
			buildRules = (
			);
			dependencies = (
			);
			name = SnapshotExample;
			productName = SnapshotExample;
			productReference = 66C6F6BB230061EA005BCCD7 /* SnapshotExample.app */;
			productType = "com.apple.product-type.application";
		};
		66C6F6CE230061EB005BCCD7 /* SnapshotExampleTests */ = {
			isa = PBXNativeTarget;
			buildConfigurationList = 66C6F6DB230061EB005BCCD7 /* Build configuration list for PBXNativeTarget "SnapshotExampleTests" */;
			buildPhases = (
				66C6F6CB230061EB005BCCD7 /* Sources */,
				66C6F6CC230061EB005BCCD7 /* Frameworks */,
				66C6F6CD230061EB005BCCD7 /* Resources */,
			);
			buildRules = (
			);
			dependencies = (
				66C6F6D1230061EB005BCCD7 /* PBXTargetDependency */,
			);
			name = SnapshotExampleTests;
			productName = SnapshotExampleTests;
			productReference = 66C6F6CF230061EB005BCCD7 /* SnapshotExampleTests.xctest */;
			productType = "com.apple.product-type.bundle.unit-test";
		};
/* End PBXNativeTarget section */

/* Begin PBXProject section */
		66C6F6B3230061EA005BCCD7 /* Project object */ = {
			isa = PBXProject;
			attributes = {
				LastSwiftUpdateCheck = 1020;
				LastUpgradeCheck = 1020;
				ORGANIZATIONNAME = "Adam Kędzia";
				TargetAttributes = {
					66C6F6BA230061EA005BCCD7 = {
						CreatedOnToolsVersion = 10.2.1;
					};
					66C6F6CE230061EB005BCCD7 = {
						CreatedOnToolsVersion = 10.2.1;
						TestTargetID = 66C6F6BA230061EA005BCCD7;
					};
				};
			};
			buildConfigurationList = 66C6F6B6230061EA005BCCD7 /* Build configuration list for PBXProject "SnapshotExample" */;
			compatibilityVersion = "Xcode 9.3";
			developmentRegion = en;
			hasScannedForEncodings = 0;
			knownRegions = (
				en,
				Base,
			);
			mainGroup = 66C6F6B2230061EA005BCCD7;
			productRefGroup = 66C6F6BC230061EA005BCCD7 /* Products */;
			projectDirPath = "";
			projectRoot = "";
			targets = (
				66C6F6BA230061EA005BCCD7 /* SnapshotExample */,
				66C6F6CE230061EB005BCCD7 /* SnapshotExampleTests */,
			);
		};
/* End PBXProject section */

/* Begin PBXResourcesBuildPhase section */
		66C6F6B9230061EA005BCCD7 /* Resources */ = {
			isa = PBXResourcesBuildPhase;
			buildActionMask = 2147483647;
			files = (
				66C6F6C9230061EB005BCCD7 /* LaunchScreen.storyboard in Resources */,
				66C6F6C6230061EB005BCCD7 /* Assets.xcassets in Resources */,
				66C6F6C4230061EA005BCCD7 /* Main.storyboard in Resources */,
			);
			runOnlyForDeploymentPostprocessing = 0;
		};
		66C6F6CD230061EB005BCCD7 /* Resources */ = {
			isa = PBXResourcesBuildPhase;
			buildActionMask = 2147483647;
			files = (
			);
			runOnlyForDeploymentPostprocessing = 0;
		};
/* End PBXResourcesBuildPhase section */

/* Begin PBXSourcesBuildPhase section */
		66C6F6B7230061EA005BCCD7 /* Sources */ = {
			isa = PBXSourcesBuildPhase;
			buildActionMask = 2147483647;
			files = (
				66C6F6C1230061EA005BCCD7 /* ViewController.swift in Sources */,
				66C6F6BF230061EA005BCCD7 /* AppDelegate.swift in Sources */,
			);
			runOnlyForDeploymentPostprocessing = 0;
		};
		66C6F6CB230061EB005BCCD7 /* Sources */ = {
			isa = PBXSourcesBuildPhase;
			buildActionMask = 2147483647;
			files = (
				66C6F6D4230061EB005BCCD7 /* SnapshotExampleTests.swift in Sources */,
			);
			runOnlyForDeploymentPostprocessing = 0;
		};
/* End PBXSourcesBuildPhase section */

/* Begin PBXTargetDependency section */
		66C6F6D1230061EB005BCCD7 /* PBXTargetDependency */ = {
			isa = PBXTargetDependency;
			target = 66C6F6BA230061EA005BCCD7 /* SnapshotExample */;
			targetProxy = 66C6F6D0230061EB005BCCD7 /* PBXContainerItemProxy */;
		};
/* End PBXTargetDependency section */

/* Begin PBXVariantGroup section */
		66C6F6C2230061EA005BCCD7 /* Main.storyboard */ = {
			isa = PBXVariantGroup;
			children = (
				66C6F6C3230061EA005BCCD7 /* Base */,
			);
			name = Main.storyboard;
			sourceTree = "<group>";
		};
		66C6F6C7230061EB005BCCD7 /* LaunchScreen.storyboard */ = {
			isa = PBXVariantGroup;
			children = (
				66C6F6C8230061EB005BCCD7 /* Base */,
			);
			name = LaunchScreen.storyboard;
			sourceTree = "<group>";
		};
/* End PBXVariantGroup section */

/* Begin XCBuildConfiguration section */
		66C6F6D6230061EB005BCCD7 /* Debug */ = {
			isa = XCBuildConfiguration;
			buildSettings = {
				ALWAYS_SEARCH_USER_PATHS = NO;
				CLANG_ANALYZER_NONNULL = YES;
				CLANG_ANALYZER_NUMBER_OBJECT_CONVERSION = YES_AGGRESSIVE;
				CLANG_CXX_LANGUAGE_STANDARD = "gnu++14";
				CLANG_CXX_LIBRARY = "libc++";
				CLANG_ENABLE_MODULES = YES;
				CLANG_ENABLE_OBJC_ARC = YES;
				CLANG_ENABLE_OBJC_WEAK = YES;
				CLANG_WARN_BLOCK_CAPTURE_AUTORELEASING = YES;
				CLANG_WARN_BOOL_CONVERSION = YES;
				CLANG_WARN_COMMA = YES;
				CLANG_WARN_CONSTANT_CONVERSION = YES;
				CLANG_WARN_DEPRECATED_OBJC_IMPLEMENTATIONS = YES;
				CLANG_WARN_DIRECT_OBJC_ISA_USAGE = YES_ERROR;
				CLANG_WARN_DOCUMENTATION_COMMENTS = YES;
				CLANG_WARN_EMPTY_BODY = YES;
				CLANG_WARN_ENUM_CONVERSION = YES;
				CLANG_WARN_INFINITE_RECURSION = YES;
				CLANG_WARN_INT_CONVERSION = YES;
				CLANG_WARN_NON_LITERAL_NULL_CONVERSION = YES;
				CLANG_WARN_OBJC_IMPLICIT_RETAIN_SELF = YES;
				CLANG_WARN_OBJC_LITERAL_CONVERSION = YES;
				CLANG_WARN_OBJC_ROOT_CLASS = YES_ERROR;
				CLANG_WARN_RANGE_LOOP_ANALYSIS = YES;
				CLANG_WARN_STRICT_PROTOTYPES = YES;
				CLANG_WARN_SUSPICIOUS_MOVE = YES;
				CLANG_WARN_UNGUARDED_AVAILABILITY = YES_AGGRESSIVE;
				CLANG_WARN_UNREACHABLE_CODE = YES;
				CLANG_WARN__DUPLICATE_METHOD_MATCH = YES;
				CODE_SIGN_IDENTITY = "iPhone Developer";
				COPY_PHASE_STRIP = NO;
				DEBUG_INFORMATION_FORMAT = dwarf;
				ENABLE_STRICT_OBJC_MSGSEND = YES;
				ENABLE_TESTABILITY = YES;
				GCC_C_LANGUAGE_STANDARD = gnu11;
				GCC_DYNAMIC_NO_PIC = NO;
				GCC_NO_COMMON_BLOCKS = YES;
				GCC_OPTIMIZATION_LEVEL = 0;
				GCC_PREPROCESSOR_DEFINITIONS = (
					"DEBUG=1",
					"$(inherited)",
				);
				GCC_WARN_64_TO_32_BIT_CONVERSION = YES;
				GCC_WARN_ABOUT_RETURN_TYPE = YES_ERROR;
				GCC_WARN_UNDECLARED_SELECTOR = YES;
				GCC_WARN_UNINITIALIZED_AUTOS = YES_AGGRESSIVE;
				GCC_WARN_UNUSED_FUNCTION = YES;
				GCC_WARN_UNUSED_VARIABLE = YES;
				IPHONEOS_DEPLOYMENT_TARGET = 12.2;
				MTL_ENABLE_DEBUG_INFO = INCLUDE_SOURCE;
				MTL_FAST_MATH = YES;
				ONLY_ACTIVE_ARCH = YES;
				SDKROOT = iphoneos;
				SWIFT_ACTIVE_COMPILATION_CONDITIONS = DEBUG;
				SWIFT_OPTIMIZATION_LEVEL = "-Onone";
			};
			name = Debug;
		};
		66C6F6D7230061EB005BCCD7 /* Release */ = {
			isa = XCBuildConfiguration;
			buildSettings = {
				ALWAYS_SEARCH_USER_PATHS = NO;
				CLANG_ANALYZER_NONNULL = YES;
				CLANG_ANALYZER_NUMBER_OBJECT_CONVERSION = YES_AGGRESSIVE;
				CLANG_CXX_LANGUAGE_STANDARD = "gnu++14";
				CLANG_CXX_LIBRARY = "libc++";
				CLANG_ENABLE_MODULES = YES;
				CLANG_ENABLE_OBJC_ARC = YES;
				CLANG_ENABLE_OBJC_WEAK = YES;
				CLANG_WARN_BLOCK_CAPTURE_AUTORELEASING = YES;
				CLANG_WARN_BOOL_CONVERSION = YES;
				CLANG_WARN_COMMA = YES;
				CLANG_WARN_CONSTANT_CONVERSION = YES;
				CLANG_WARN_DEPRECATED_OBJC_IMPLEMENTATIONS = YES;
				CLANG_WARN_DIRECT_OBJC_ISA_USAGE = YES_ERROR;
				CLANG_WARN_DOCUMENTATION_COMMENTS = YES;
				CLANG_WARN_EMPTY_BODY = YES;
				CLANG_WARN_ENUM_CONVERSION = YES;
				CLANG_WARN_INFINITE_RECURSION = YES;
				CLANG_WARN_INT_CONVERSION = YES;
				CLANG_WARN_NON_LITERAL_NULL_CONVERSION = YES;
				CLANG_WARN_OBJC_IMPLICIT_RETAIN_SELF = YES;
				CLANG_WARN_OBJC_LITERAL_CONVERSION = YES;
				CLANG_WARN_OBJC_ROOT_CLASS = YES_ERROR;
				CLANG_WARN_RANGE_LOOP_ANALYSIS = YES;
				CLANG_WARN_STRICT_PROTOTYPES = YES;
				CLANG_WARN_SUSPICIOUS_MOVE = YES;
				CLANG_WARN_UNGUARDED_AVAILABILITY = YES_AGGRESSIVE;
				CLANG_WARN_UNREACHABLE_CODE = YES;
				CLANG_WARN__DUPLICATE_METHOD_MATCH = YES;
				CODE_SIGN_IDENTITY = "iPhone Developer";
				COPY_PHASE_STRIP = NO;
				DEBUG_INFORMATION_FORMAT = "dwarf-with-dsym";
				ENABLE_NS_ASSERTIONS = NO;
				ENABLE_STRICT_OBJC_MSGSEND = YES;
				GCC_C_LANGUAGE_STANDARD = gnu11;
				GCC_NO_COMMON_BLOCKS = YES;
				GCC_WARN_64_TO_32_BIT_CONVERSION = YES;
				GCC_WARN_ABOUT_RETURN_TYPE = YES_ERROR;
				GCC_WARN_UNDECLARED_SELECTOR = YES;
				GCC_WARN_UNINITIALIZED_AUTOS = YES_AGGRESSIVE;
				GCC_WARN_UNUSED_FUNCTION = YES;
				GCC_WARN_UNUSED_VARIABLE = YES;
				IPHONEOS_DEPLOYMENT_TARGET = 12.2;
				MTL_ENABLE_DEBUG_INFO = NO;
				MTL_FAST_MATH = YES;
				SDKROOT = iphoneos;
				SWIFT_COMPILATION_MODE = wholemodule;
				SWIFT_OPTIMIZATION_LEVEL = "-O";
				VALIDATE_PRODUCT = YES;
			};
			name = Release;
		};
		66C6F6D9230061EB005BCCD7 /* Debug */ = {
			isa = XCBuildConfiguration;
			buildSettings = {
				ASSETCATALOG_COMPILER_APPICON_NAME = AppIcon;
				CODE_SIGN_STYLE = Automatic;
				INFOPLIST_FILE = SnapshotExample/Info.plist;
				LD_RUNPATH_SEARCH_PATHS = (
					"$(inherited)",
					"@executable_path/Frameworks",
				);
				PRODUCT_BUNDLE_IDENTIFIER = com.adam.kedzia.SnapshotExample;
				PRODUCT_NAME = "$(TARGET_NAME)";
				SWIFT_VERSION = 5.0;
				TARGETED_DEVICE_FAMILY = "1,2";
			};
			name = Debug;
		};
		66C6F6DA230061EB005BCCD7 /* Release */ = {
			isa = XCBuildConfiguration;
			buildSettings = {
				ASSETCATALOG_COMPILER_APPICON_NAME = AppIcon;
				CODE_SIGN_STYLE = Automatic;
				INFOPLIST_FILE = SnapshotExample/Info.plist;
				LD_RUNPATH_SEARCH_PATHS = (
					"$(inherited)",
					"@executable_path/Frameworks",
				);
				PRODUCT_BUNDLE_IDENTIFIER = com.adam.kedzia.SnapshotExample;
				PRODUCT_NAME = "$(TARGET_NAME)";
				SWIFT_VERSION = 5.0;
				TARGETED_DEVICE_FAMILY = "1,2";
			};
			name = Release;
		};
		66C6F6DC230061EB005BCCD7 /* Debug */ = {
			isa = XCBuildConfiguration;
			buildSettings = {
				ALWAYS_EMBED_SWIFT_STANDARD_LIBRARIES = YES;
				BUNDLE_LOADER = "$(TEST_HOST)";
				CODE_SIGN_STYLE = Automatic;
				INFOPLIST_FILE = SnapshotExampleTests/Info.plist;
				LD_RUNPATH_SEARCH_PATHS = (
					"$(inherited)",
					"@executable_path/Frameworks",
					"@loader_path/Frameworks",
				);
				PRODUCT_BUNDLE_IDENTIFIER = com.adam.kedzia.SnapshotExampleTests;
				PRODUCT_NAME = "$(TARGET_NAME)";
				SWIFT_VERSION = 5.0;
				TARGETED_DEVICE_FAMILY = "1,2";
				TEST_HOST = "$(BUILT_PRODUCTS_DIR)/SnapshotExample.app/SnapshotExample";
			};
			name = Debug;
		};
		66C6F6DD230061EB005BCCD7 /* Release */ = {
			isa = XCBuildConfiguration;
			buildSettings = {
				ALWAYS_EMBED_SWIFT_STANDARD_LIBRARIES = YES;
				BUNDLE_LOADER = "$(TEST_HOST)";
				CODE_SIGN_STYLE = Automatic;
				INFOPLIST_FILE = SnapshotExampleTests/Info.plist;
				LD_RUNPATH_SEARCH_PATHS = (
					"$(inherited)",
					"@executable_path/Frameworks",
					"@loader_path/Frameworks",
				);
				PRODUCT_BUNDLE_IDENTIFIER = com.adam.kedzia.SnapshotExampleTests;
				PRODUCT_NAME = "$(TARGET_NAME)";
				SWIFT_VERSION = 5.0;
				TARGETED_DEVICE_FAMILY = "1,2";
				TEST_HOST = "$(BUILT_PRODUCTS_DIR)/SnapshotExample.app/SnapshotExample";
			};
			name = Release;
		};
/* End XCBuildConfiguration section */

/* Begin XCConfigurationList section */
		66C6F6B6230061EA005BCCD7 /* Build configuration list for PBXProject "SnapshotExample" */ = {
			isa = XCConfigurationList;
			buildConfigurations = (
				66C6F6D6230061EB005BCCD7 /* Debug */,
				66C6F6D7230061EB005BCCD7 /* Release */,
			);
			defaultConfigurationIsVisible = 0;
			defaultConfigurationName = Release;
		};
		66C6F6D8230061EB005BCCD7 /* Build configuration list for PBXNativeTarget "SnapshotExample" */ = {
			isa = XCConfigurationList;
			buildConfigurations = (
				66C6F6D9230061EB005BCCD7 /* Debug */,
				66C6F6DA230061EB005BCCD7 /* Release */,
			);
			defaultConfigurationIsVisible = 0;
			defaultConfigurationName = Release;
		};
		66C6F6DB230061EB005BCCD7 /* Build configuration list for PBXNativeTarget "SnapshotExampleTests" */ = {
			isa = XCConfigurationList;
			buildConfigurations = (
				66C6F6DC230061EB005BCCD7 /* Debug */,
				66C6F6DD230061EB005BCCD7 /* Release */,
			);
			defaultConfigurationIsVisible = 0;
			defaultConfigurationName = Release;
		};
/* End XCConfigurationList section */
	};
	rootObject = 66C6F6B3230061EA005BCCD7 /* Project object */;
}
